// !$*UTF8*$!
{
	archiveVersion = 1;
	classes = {
	};
	objectVersion = 56;
	objects = {

/* Begin PBXBuildFile section */
		1E5F033D2C59A48600034347 /* XMarkButton.swift in Sources */ = {isa = PBXBuildFile; fileRef = 1E5F033C2C59A48600034347 /* XMarkButton.swift */; };
		1E6243582C6FFE4A00259AF6 /* NotificationAppDelegate.swift in Sources */ = {isa = PBXBuildFile; fileRef = 1E6243572C6FFE4A00259AF6 /* NotificationAppDelegate.swift */; };
		1E62435A2C6FFE8100259AF6 /* NotificationSceneDelegate.swift in Sources */ = {isa = PBXBuildFile; fileRef = 1E6243592C6FFE8100259AF6 /* NotificationSceneDelegate.swift */; };
		1E62435C2C700C4700259AF6 /* MainSceneView.swift in Sources */ = {isa = PBXBuildFile; fileRef = 1E62435B2C700C4700259AF6 /* MainSceneView.swift */; };
		1E870B872C5EAA5500C2486A /* NotificationPresenter.swift in Sources */ = {isa = PBXBuildFile; fileRef = 1E870B862C5EAA5500C2486A /* NotificationPresenter.swift */; };
		1E870B8A2C5EAB0E00C2486A /* NotificationRootModifier.swift in Sources */ = {isa = PBXBuildFile; fileRef = 1E870B892C5EAB0E00C2486A /* NotificationRootModifier.swift */; };
		1E870B8C2C5EABE200C2486A /* NotificationModifier.swift in Sources */ = {isa = PBXBuildFile; fileRef = 1E870B8B2C5EABE200C2486A /* NotificationModifier.swift */; };
		1E870B8E2C5EB88D00C2486A /* Environment.swift in Sources */ = {isa = PBXBuildFile; fileRef = 1E870B8D2C5EB88D00C2486A /* Environment.swift */; };
		1EAB819F2C56B985007AFC52 /* SwiftUITestApp.swift in Sources */ = {isa = PBXBuildFile; fileRef = 1EAB819E2C56B985007AFC52 /* SwiftUITestApp.swift */; };
		1EAB81A12C56B985007AFC52 /* ContentView.swift in Sources */ = {isa = PBXBuildFile; fileRef = 1EAB81A02C56B985007AFC52 /* ContentView.swift */; };
		1EAB81A32C56B986007AFC52 /* Assets.xcassets in Resources */ = {isa = PBXBuildFile; fileRef = 1EAB81A22C56B986007AFC52 /* Assets.xcassets */; };
		1EAB81A72C56B986007AFC52 /* Preview Assets.xcassets in Resources */ = {isa = PBXBuildFile; fileRef = 1EAB81A62C56B986007AFC52 /* Preview Assets.xcassets */; };
		1EECD9952C5E3210007401DD /* FullscreenOverlay in Frameworks */ = {isa = PBXBuildFile; productRef = 1EECD9942C5E3210007401DD /* FullscreenOverlay */; };
		1EF4695E2C58F0FB0046C136 /* FullscreenOverlay.swift in Sources */ = {isa = PBXBuildFile; fileRef = 1EF4695D2C58F0FB0046C136 /* FullscreenOverlay.swift */; };
/* End PBXBuildFile section */

/* Begin PBXFileReference section */
		1E5F033C2C59A48600034347 /* XMarkButton.swift */ = {isa = PBXFileReference; lastKnownFileType = sourcecode.swift; path = XMarkButton.swift; sourceTree = "<group>"; };
		1E6243572C6FFE4A00259AF6 /* NotificationAppDelegate.swift */ = {isa = PBXFileReference; lastKnownFileType = sourcecode.swift; path = NotificationAppDelegate.swift; sourceTree = "<group>"; };
		1E6243592C6FFE8100259AF6 /* NotificationSceneDelegate.swift */ = {isa = PBXFileReference; lastKnownFileType = sourcecode.swift; path = NotificationSceneDelegate.swift; sourceTree = "<group>"; };
		1E62435B2C700C4700259AF6 /* MainSceneView.swift */ = {isa = PBXFileReference; lastKnownFileType = sourcecode.swift; path = MainSceneView.swift; sourceTree = "<group>"; };
		1E870B862C5EAA5500C2486A /* NotificationPresenter.swift */ = {isa = PBXFileReference; lastKnownFileType = sourcecode.swift; path = NotificationPresenter.swift; sourceTree = "<group>"; };
		1E870B892C5EAB0E00C2486A /* NotificationRootModifier.swift */ = {isa = PBXFileReference; lastKnownFileType = sourcecode.swift; path = NotificationRootModifier.swift; sourceTree = "<group>"; };
		1E870B8B2C5EABE200C2486A /* NotificationModifier.swift */ = {isa = PBXFileReference; lastKnownFileType = sourcecode.swift; path = NotificationModifier.swift; sourceTree = "<group>"; };
		1E870B8D2C5EB88D00C2486A /* Environment.swift */ = {isa = PBXFileReference; lastKnownFileType = sourcecode.swift; path = Environment.swift; sourceTree = "<group>"; };
		1EAB819B2C56B985007AFC52 /* SwiftUITest.app */ = {isa = PBXFileReference; explicitFileType = wrapper.application; includeInIndex = 0; path = SwiftUITest.app; sourceTree = BUILT_PRODUCTS_DIR; };
		1EAB819E2C56B985007AFC52 /* SwiftUITestApp.swift */ = {isa = PBXFileReference; lastKnownFileType = sourcecode.swift; path = SwiftUITestApp.swift; sourceTree = "<group>"; };
		1EAB81A02C56B985007AFC52 /* ContentView.swift */ = {isa = PBXFileReference; lastKnownFileType = sourcecode.swift; path = ContentView.swift; sourceTree = "<group>"; };
		1EAB81A22C56B986007AFC52 /* Assets.xcassets */ = {isa = PBXFileReference; lastKnownFileType = folder.assetcatalog; path = Assets.xcassets; sourceTree = "<group>"; };
		1EAB81A42C56B986007AFC52 /* SwiftUITest.entitlements */ = {isa = PBXFileReference; lastKnownFileType = text.plist.entitlements; path = SwiftUITest.entitlements; sourceTree = "<group>"; };
		1EAB81A62C56B986007AFC52 /* Preview Assets.xcassets */ = {isa = PBXFileReference; lastKnownFileType = folder.assetcatalog; path = "Preview Assets.xcassets"; sourceTree = "<group>"; };
		1EECD9922C5E31D3007401DD /* FullscreenOverlay */ = {isa = PBXFileReference; lastKnownFileType = wrapper; name = FullscreenOverlay; path = ../../FullscreenOverlay; sourceTree = "<group>"; };
		1EF4695D2C58F0FB0046C136 /* FullscreenOverlay.swift */ = {isa = PBXFileReference; lastKnownFileType = sourcecode.swift; path = FullscreenOverlay.swift; sourceTree = "<group>"; };
/* End PBXFileReference section */

/* Begin PBXFrameworksBuildPhase section */
		1EAB81982C56B985007AFC52 /* Frameworks */ = {
			isa = PBXFrameworksBuildPhase;
			buildActionMask = 2147483647;
			files = (
				1EECD9952C5E3210007401DD /* FullscreenOverlay in Frameworks */,
			);
			runOnlyForDeploymentPostprocessing = 0;
		};
/* End PBXFrameworksBuildPhase section */

/* Begin PBXGroup section */
		1E870B882C5EAADE00C2486A /* NotificationOverlay */ = {
			isa = PBXGroup;
			children = (
				1E870B862C5EAA5500C2486A /* NotificationPresenter.swift */,
				1E870B892C5EAB0E00C2486A /* NotificationRootModifier.swift */,
				1E870B8B2C5EABE200C2486A /* NotificationModifier.swift */,
				1E870B8D2C5EB88D00C2486A /* Environment.swift */,
			);
			path = NotificationOverlay;
			sourceTree = "<group>";
		};
		1EAB81922C56B985007AFC52 = {
			isa = PBXGroup;
			children = (
				1EAB819D2C56B985007AFC52 /* SwiftUITest */,
				1EAB819C2C56B985007AFC52 /* Products */,
				1EECD9932C5E3210007401DD /* Frameworks */,
			);
			sourceTree = "<group>";
		};
		1EAB819C2C56B985007AFC52 /* Products */ = {
			isa = PBXGroup;
			children = (
				1EAB819B2C56B985007AFC52 /* SwiftUITest.app */,
			);
			name = Products;
			sourceTree = "<group>";
		};
		1EAB819D2C56B985007AFC52 /* SwiftUITest */ = {
			isa = PBXGroup;
			children = (
				1E870B882C5EAADE00C2486A /* NotificationOverlay */,
				1EECD9922C5E31D3007401DD /* FullscreenOverlay */,
				1EF4695A2C58F07D0046C136 /* Components */,
				1EAB819E2C56B985007AFC52 /* SwiftUITestApp.swift */,
				1EAB81A02C56B985007AFC52 /* ContentView.swift */,
				1EAB81A22C56B986007AFC52 /* Assets.xcassets */,
				1EAB81A42C56B986007AFC52 /* SwiftUITest.entitlements */,
				1EAB81A52C56B986007AFC52 /* Preview Content */,
				1E6243572C6FFE4A00259AF6 /* NotificationAppDelegate.swift */,
				1E6243592C6FFE8100259AF6 /* NotificationSceneDelegate.swift */,
				1E62435B2C700C4700259AF6 /* MainSceneView.swift */,
			);
			path = SwiftUITest;
			sourceTree = "<group>";
		};
		1EAB81A52C56B986007AFC52 /* Preview Content */ = {
			isa = PBXGroup;
			children = (
				1EAB81A62C56B986007AFC52 /* Preview Assets.xcassets */,
			);
			path = "Preview Content";
			sourceTree = "<group>";
		};
		1EECD9932C5E3210007401DD /* Frameworks */ = {
			isa = PBXGroup;
			children = (
			);
			name = Frameworks;
			sourceTree = "<group>";
		};
		1EF4695A2C58F07D0046C136 /* Components */ = {
			isa = PBXGroup;
			children = (
				1EF4695D2C58F0FB0046C136 /* FullscreenOverlay.swift */,
				1E5F033C2C59A48600034347 /* XMarkButton.swift */,
			);
			path = Components;
			sourceTree = "<group>";
		};
/* End PBXGroup section */

/* Begin PBXNativeTarget section */
		1EAB819A2C56B985007AFC52 /* SwiftUITest */ = {
			isa = PBXNativeTarget;
			buildConfigurationList = 1EAB81AA2C56B986007AFC52 /* Build configuration list for PBXNativeTarget "SwiftUITest" */;
			buildPhases = (
				1EAB81972C56B985007AFC52 /* Sources */,
				1EAB81982C56B985007AFC52 /* Frameworks */,
				1EAB81992C56B985007AFC52 /* Resources */,
			);
			buildRules = (
			);
			dependencies = (
			);
			name = SwiftUITest;
			packageProductDependencies = (
				1EECD9942C5E3210007401DD /* FullscreenOverlay */,
			);
			productName = SwiftUITest;
			productReference = 1EAB819B2C56B985007AFC52 /* SwiftUITest.app */;
			productType = "com.apple.product-type.application";
		};
/* End PBXNativeTarget section */

/* Begin PBXProject section */
		1EAB81932C56B985007AFC52 /* Project object */ = {
			isa = PBXProject;
			attributes = {
				BuildIndependentTargetsInParallel = 1;
				LastSwiftUpdateCheck = 1540;
				LastUpgradeCheck = 1540;
				TargetAttributes = {
					1EAB819A2C56B985007AFC52 = {
						CreatedOnToolsVersion = 15.4;
					};
				};
			};
			buildConfigurationList = 1EAB81962C56B985007AFC52 /* Build configuration list for PBXProject "SwiftUITest" */;
			compatibilityVersion = "Xcode 14.0";
			developmentRegion = en;
			hasScannedForEncodings = 0;
			knownRegions = (
				en,
				Base,
			);
			mainGroup = 1EAB81922C56B985007AFC52;
			packageReferences = (
			);
			productRefGroup = 1EAB819C2C56B985007AFC52 /* Products */;
			projectDirPath = "";
			projectRoot = "";
			targets = (
				1EAB819A2C56B985007AFC52 /* SwiftUITest */,
			);
		};
/* End PBXProject section */

/* Begin PBXResourcesBuildPhase section */
		1EAB81992C56B985007AFC52 /* Resources */ = {
			isa = PBXResourcesBuildPhase;
			buildActionMask = 2147483647;
			files = (
				1EAB81A72C56B986007AFC52 /* Preview Assets.xcassets in Resources */,
				1EAB81A32C56B986007AFC52 /* Assets.xcassets in Resources */,
			);
			runOnlyForDeploymentPostprocessing = 0;
		};
/* End PBXResourcesBuildPhase section */

/* Begin PBXSourcesBuildPhase section */
		1EAB81972C56B985007AFC52 /* Sources */ = {
			isa = PBXSourcesBuildPhase;
			buildActionMask = 2147483647;
			files = (
				1E870B8C2C5EABE200C2486A /* NotificationModifier.swift in Sources */,
				1E870B8E2C5EB88D00C2486A /* Environment.swift in Sources */,
				1E5F033D2C59A48600034347 /* XMarkButton.swift in Sources */,
				1E6243582C6FFE4A00259AF6 /* NotificationAppDelegate.swift in Sources */,
				1EF4695E2C58F0FB0046C136 /* FullscreenOverlay.swift in Sources */,
				1E62435A2C6FFE8100259AF6 /* NotificationSceneDelegate.swift in Sources */,
				1E870B872C5EAA5500C2486A /* NotificationPresenter.swift in Sources */,
				1EAB81A12C56B985007AFC52 /* ContentView.swift in Sources */,
				1E62435C2C700C4700259AF6 /* MainSceneView.swift in Sources */,
				1EAB819F2C56B985007AFC52 /* SwiftUITestApp.swift in Sources */,
				1E870B8A2C5EAB0E00C2486A /* NotificationRootModifier.swift in Sources */,
			);
			runOnlyForDeploymentPostprocessing = 0;
		};
/* End PBXSourcesBuildPhase section */

/* Begin XCBuildConfiguration section */
		1EAB81A82C56B986007AFC52 /* Debug */ = {
			isa = XCBuildConfiguration;
			buildSettings = {
				ALWAYS_SEARCH_USER_PATHS = NO;
				ASSETCATALOG_COMPILER_GENERATE_SWIFT_ASSET_SYMBOL_EXTENSIONS = YES;
				CLANG_ANALYZER_NONNULL = YES;
				CLANG_ANALYZER_NUMBER_OBJECT_CONVERSION = YES_AGGRESSIVE;
				CLANG_CXX_LANGUAGE_STANDARD = "gnu++20";
				CLANG_ENABLE_MODULES = YES;
				CLANG_ENABLE_OBJC_ARC = YES;
				CLANG_ENABLE_OBJC_WEAK = YES;
				CLANG_WARN_BLOCK_CAPTURE_AUTORELEASING = YES;
				CLANG_WARN_BOOL_CONVERSION = YES;
				CLANG_WARN_COMMA = YES;
				CLANG_WARN_CONSTANT_CONVERSION = YES;
				CLANG_WARN_DEPRECATED_OBJC_IMPLEMENTATIONS = YES;
				CLANG_WARN_DIRECT_OBJC_ISA_USAGE = YES_ERROR;
				CLANG_WARN_DOCUMENTATION_COMMENTS = YES;
				CLANG_WARN_EMPTY_BODY = YES;
				CLANG_WARN_ENUM_CONVERSION = YES;
				CLANG_WARN_INFINITE_RECURSION = YES;
				CLANG_WARN_INT_CONVERSION = YES;
				CLANG_WARN_NON_LITERAL_NULL_CONVERSION = YES;
				CLANG_WARN_OBJC_IMPLICIT_RETAIN_SELF = YES;
				CLANG_WARN_OBJC_LITERAL_CONVERSION = YES;
				CLANG_WARN_OBJC_ROOT_CLASS = YES_ERROR;
				CLANG_WARN_QUOTED_INCLUDE_IN_FRAMEWORK_HEADER = YES;
				CLANG_WARN_RANGE_LOOP_ANALYSIS = YES;
				CLANG_WARN_STRICT_PROTOTYPES = YES;
				CLANG_WARN_SUSPICIOUS_MOVE = YES;
				CLANG_WARN_UNGUARDED_AVAILABILITY = YES_AGGRESSIVE;
				CLANG_WARN_UNREACHABLE_CODE = YES;
				CLANG_WARN__DUPLICATE_METHOD_MATCH = YES;
				COPY_PHASE_STRIP = NO;
				DEBUG_INFORMATION_FORMAT = dwarf;
				ENABLE_STRICT_OBJC_MSGSEND = YES;
				ENABLE_TESTABILITY = YES;
				ENABLE_USER_SCRIPT_SANDBOXING = YES;
				GCC_C_LANGUAGE_STANDARD = gnu17;
				GCC_DYNAMIC_NO_PIC = NO;
				GCC_NO_COMMON_BLOCKS = YES;
				GCC_OPTIMIZATION_LEVEL = 0;
				GCC_PREPROCESSOR_DEFINITIONS = (
					"DEBUG=1",
					"$(inherited)",
				);
				GCC_WARN_64_TO_32_BIT_CONVERSION = YES;
				GCC_WARN_ABOUT_RETURN_TYPE = YES_ERROR;
				GCC_WARN_UNDECLARED_SELECTOR = YES;
				GCC_WARN_UNINITIALIZED_AUTOS = YES_AGGRESSIVE;
				GCC_WARN_UNUSED_FUNCTION = YES;
				GCC_WARN_UNUSED_VARIABLE = YES;
				LOCALIZATION_PREFERS_STRING_CATALOGS = YES;
				MTL_ENABLE_DEBUG_INFO = INCLUDE_SOURCE;
				MTL_FAST_MATH = YES;
				ONLY_ACTIVE_ARCH = YES;
				SWIFT_ACTIVE_COMPILATION_CONDITIONS = "DEBUG $(inherited)";
				SWIFT_OPTIMIZATION_LEVEL = "-Onone";
			};
			name = Debug;
		};
		1EAB81A92C56B986007AFC52 /* Release */ = {
			isa = XCBuildConfiguration;
			buildSettings = {
				ALWAYS_SEARCH_USER_PATHS = NO;
				ASSETCATALOG_COMPILER_GENERATE_SWIFT_ASSET_SYMBOL_EXTENSIONS = YES;
				CLANG_ANALYZER_NONNULL = YES;
				CLANG_ANALYZER_NUMBER_OBJECT_CONVERSION = YES_AGGRESSIVE;
				CLANG_CXX_LANGUAGE_STANDARD = "gnu++20";
				CLANG_ENABLE_MODULES = YES;
				CLANG_ENABLE_OBJC_ARC = YES;
				CLANG_ENABLE_OBJC_WEAK = YES;
				CLANG_WARN_BLOCK_CAPTURE_AUTORELEASING = YES;
				CLANG_WARN_BOOL_CONVERSION = YES;
				CLANG_WARN_COMMA = YES;
				CLANG_WARN_CONSTANT_CONVERSION = YES;
				CLANG_WARN_DEPRECATED_OBJC_IMPLEMENTATIONS = YES;
				CLANG_WARN_DIRECT_OBJC_ISA_USAGE = YES_ERROR;
				CLANG_WARN_DOCUMENTATION_COMMENTS = YES;
				CLANG_WARN_EMPTY_BODY = YES;
				CLANG_WARN_ENUM_CONVERSION = YES;
				CLANG_WARN_INFINITE_RECURSION = YES;
				CLANG_WARN_INT_CONVERSION = YES;
				CLANG_WARN_NON_LITERAL_NULL_CONVERSION = YES;
				CLANG_WARN_OBJC_IMPLICIT_RETAIN_SELF = YES;
				CLANG_WARN_OBJC_LITERAL_CONVERSION = YES;
				CLANG_WARN_OBJC_ROOT_CLASS = YES_ERROR;
				CLANG_WARN_QUOTED_INCLUDE_IN_FRAMEWORK_HEADER = YES;
				CLANG_WARN_RANGE_LOOP_ANALYSIS = YES;
				CLANG_WARN_STRICT_PROTOTYPES = YES;
				CLANG_WARN_SUSPICIOUS_MOVE = YES;
				CLANG_WARN_UNGUARDED_AVAILABILITY = YES_AGGRESSIVE;
				CLANG_WARN_UNREACHABLE_CODE = YES;
				CLANG_WARN__DUPLICATE_METHOD_MATCH = YES;
				COPY_PHASE_STRIP = NO;
				DEBUG_INFORMATION_FORMAT = "dwarf-with-dsym";
				ENABLE_NS_ASSERTIONS = NO;
				ENABLE_STRICT_OBJC_MSGSEND = YES;
				ENABLE_USER_SCRIPT_SANDBOXING = YES;
				GCC_C_LANGUAGE_STANDARD = gnu17;
				GCC_NO_COMMON_BLOCKS = YES;
				GCC_WARN_64_TO_32_BIT_CONVERSION = YES;
				GCC_WARN_ABOUT_RETURN_TYPE = YES_ERROR;
				GCC_WARN_UNDECLARED_SELECTOR = YES;
				GCC_WARN_UNINITIALIZED_AUTOS = YES_AGGRESSIVE;
				GCC_WARN_UNUSED_FUNCTION = YES;
				GCC_WARN_UNUSED_VARIABLE = YES;
				LOCALIZATION_PREFERS_STRING_CATALOGS = YES;
				MTL_ENABLE_DEBUG_INFO = NO;
				MTL_FAST_MATH = YES;
				SWIFT_COMPILATION_MODE = wholemodule;
			};
			name = Release;
		};
		1EAB81AB2C56B986007AFC52 /* Debug */ = {
			isa = XCBuildConfiguration;
			buildSettings = {
				ASSETCATALOG_COMPILER_APPICON_NAME = AppIcon;
				ASSETCATALOG_COMPILER_GLOBAL_ACCENT_COLOR_NAME = AccentColor;
				CODE_SIGN_ENTITLEMENTS = SwiftUITest/SwiftUITest.entitlements;
				CODE_SIGN_STYLE = Automatic;
				CURRENT_PROJECT_VERSION = 1;
				DEVELOPMENT_ASSET_PATHS = "\"SwiftUITest/Preview Content\"";
				DEVELOPMENT_TEAM = 8TYVWGLLK2;
				ENABLE_HARDENED_RUNTIME = YES;
				ENABLE_PREVIEWS = YES;
				GENERATE_INFOPLIST_FILE = YES;
				"INFOPLIST_KEY_UIApplicationSceneManifest_Generation[sdk=iphoneos*]" = YES;
				"INFOPLIST_KEY_UIApplicationSceneManifest_Generation[sdk=iphonesimulator*]" = YES;
				"INFOPLIST_KEY_UIApplicationSupportsIndirectInputEvents[sdk=iphoneos*]" = YES;
				"INFOPLIST_KEY_UIApplicationSupportsIndirectInputEvents[sdk=iphonesimulator*]" = YES;
				"INFOPLIST_KEY_UILaunchScreen_Generation[sdk=iphoneos*]" = YES;
				"INFOPLIST_KEY_UILaunchScreen_Generation[sdk=iphonesimulator*]" = YES;
				"INFOPLIST_KEY_UIStatusBarStyle[sdk=iphoneos*]" = UIStatusBarStyleDefault;
				"INFOPLIST_KEY_UIStatusBarStyle[sdk=iphonesimulator*]" = UIStatusBarStyleDefault;
				INFOPLIST_KEY_UISupportedInterfaceOrientations_iPad = "UIInterfaceOrientationPortrait UIInterfaceOrientationPortraitUpsideDown UIInterfaceOrientationLandscapeLeft UIInterfaceOrientationLandscapeRight";
				INFOPLIST_KEY_UISupportedInterfaceOrientations_iPhone = "UIInterfaceOrientationPortrait UIInterfaceOrientationLandscapeLeft UIInterfaceOrientationLandscapeRight";
				IPHONEOS_DEPLOYMENT_TARGET = 17.5;
				LD_RUNPATH_SEARCH_PATHS = "@executable_path/Frameworks";
				"LD_RUNPATH_SEARCH_PATHS[sdk=macosx*]" = "@executable_path/../Frameworks";
				MACOSX_DEPLOYMENT_TARGET = 14.5;
				MARKETING_VERSION = 1.0;
				PRODUCT_BUNDLE_IDENTIFIER = anikin.SwiftUITest;
				PRODUCT_NAME = "$(TARGET_NAME)";
				SDKROOT = auto;
				SUPPORTED_PLATFORMS = "iphoneos iphonesimulator";
				SUPPORTS_MACCATALYST = NO;
				SWIFT_EMIT_LOC_STRINGS = YES;
				SWIFT_VERSION = 5.0;
				TARGETED_DEVICE_FAMILY = 1;
			};
			name = Debug;
		};
		1EAB81AC2C56B986007AFC52 /* Release */ = {
			isa = XCBuildConfiguration;
			buildSettings = {
				ASSETCATALOG_COMPILER_APPICON_NAME = AppIcon;
				ASSETCATALOG_COMPILER_GLOBAL_ACCENT_COLOR_NAME = AccentColor;
				CODE_SIGN_ENTITLEMENTS = SwiftUITest/SwiftUITest.entitlements;
				CODE_SIGN_STYLE = Automatic;
				CURRENT_PROJECT_VERSION = 1;
				DEVELOPMENT_ASSET_PATHS = "\"SwiftUITest/Preview Content\"";
				DEVELOPMENT_TEAM = 8TYVWGLLK2;
				ENABLE_HARDENED_RUNTIME = YES;
				ENABLE_PREVIEWS = YES;
				GENERATE_INFOPLIST_FILE = YES;
				"INFOPLIST_KEY_UIApplicationSceneManifest_Generation[sdk=iphoneos*]" = YES;
				"INFOPLIST_KEY_UIApplicationSceneManifest_Generation[sdk=iphonesimulator*]" = YES;
				"INFOPLIST_KEY_UIApplicationSupportsIndirectInputEvents[sdk=iphoneos*]" = YES;
				"INFOPLIST_KEY_UIApplicationSupportsIndirectInputEvents[sdk=iphonesimulator*]" = YES;
				"INFOPLIST_KEY_UILaunchScreen_Generation[sdk=iphoneos*]" = YES;
				"INFOPLIST_KEY_UILaunchScreen_Generation[sdk=iphonesimulator*]" = YES;
				"INFOPLIST_KEY_UIStatusBarStyle[sdk=iphoneos*]" = UIStatusBarStyleDefault;
				"INFOPLIST_KEY_UIStatusBarStyle[sdk=iphonesimulator*]" = UIStatusBarStyleDefault;
				INFOPLIST_KEY_UISupportedInterfaceOrientations_iPad = "UIInterfaceOrientationPortrait UIInterfaceOrientationPortraitUpsideDown UIInterfaceOrientationLandscapeLeft UIInterfaceOrientationLandscapeRight";
				INFOPLIST_KEY_UISupportedInterfaceOrientations_iPhone = "UIInterfaceOrientationPortrait UIInterfaceOrientationLandscapeLeft UIInterfaceOrientationLandscapeRight";
				IPHONEOS_DEPLOYMENT_TARGET = 17.5;
				LD_RUNPATH_SEARCH_PATHS = "@executable_path/Frameworks";
				"LD_RUNPATH_SEARCH_PATHS[sdk=macosx*]" = "@executable_path/../Frameworks";
				MACOSX_DEPLOYMENT_TARGET = 14.5;
				MARKETING_VERSION = 1.0;
				PRODUCT_BUNDLE_IDENTIFIER = anikin.SwiftUITest;
				PRODUCT_NAME = "$(TARGET_NAME)";
				SDKROOT = auto;
				SUPPORTED_PLATFORMS = "iphoneos iphonesimulator";
				SUPPORTS_MACCATALYST = NO;
				SWIFT_EMIT_LOC_STRINGS = YES;
				SWIFT_VERSION = 5.0;
				TARGETED_DEVICE_FAMILY = 1;
			};
			name = Release;
		};
/* End XCBuildConfiguration section */

/* Begin XCConfigurationList section */
		1EAB81962C56B985007AFC52 /* Build configuration list for PBXProject "SwiftUITest" */ = {
			isa = XCConfigurationList;
			buildConfigurations = (
				1EAB81A82C56B986007AFC52 /* Debug */,
				1EAB81A92C56B986007AFC52 /* Release */,
			);
			defaultConfigurationIsVisible = 0;
			defaultConfigurationName = Release;
		};
		1EAB81AA2C56B986007AFC52 /* Build configuration list for PBXNativeTarget "SwiftUITest" */ = {
			isa = XCConfigurationList;
			buildConfigurations = (
				1EAB81AB2C56B986007AFC52 /* Debug */,
				1EAB81AC2C56B986007AFC52 /* Release */,
			);
			defaultConfigurationIsVisible = 0;
			defaultConfigurationName = Release;
		};
/* End XCConfigurationList section */

/* Begin XCSwiftPackageProductDependency section */
		1EECD9942C5E3210007401DD /* FullscreenOverlay */ = {
			isa = XCSwiftPackageProductDependency;
			productName = FullscreenOverlay;
		};
/* End XCSwiftPackageProductDependency section */
	};
	rootObject = 1EAB81932C56B985007AFC52 /* Project object */;
}
